
Microsoft Visual Studio Solution File, Format Version 12.00
# Visual Studio Version 16
VisualStudioVersion = 16.0.30114.105
MinimumVisualStudioVersion = 10.0.40219.1
Project("{2150E333-8FDC-42A3-9474-1A3956D46DE8}") = "src", "src", "{DB875A72-168C-457D-A982-5B13470756C2}"
EndProject
Project("{FAE04EC0-301F-11D3-BF4B-00C04F79EFBC}") = "worker.host", "src\worker.host\worker.host.csproj", "{218A9EBD-D68A-40D9-8160-ADA8264CD988}"
EndProject
Project("{FAE04EC0-301F-11D3-BF4B-00C04F79EFBC}") = "worker.test", "src\worker.test\worker.test.csproj", "{16A61B7D-0E9F-4FA3-9E1D-FB5B1B7C3F58}"
EndProject
Global
	GlobalSection(SolutionConfigurationPlatforms) = preSolution
		Debug|Any CPU = Debug|Any CPU
		Release|Any CPU = Release|Any CPU
	EndGlobalSection
	GlobalSection(SolutionProperties) = preSolution
		HideSolutionNode = FALSE
	EndGlobalSection
	GlobalSection(ProjectConfigurationPlatforms) = postSolution
		{218A9EBD-D68A-40D9-8160-ADA8264CD988}.Debug|Any CPU.ActiveCfg = Debug|Any CPU
		{218A9EBD-D68A-40D9-8160-ADA8264CD988}.Debug|Any CPU.Build.0 = Debug|Any CPU
		{218A9EBD-D68A-40D9-8160-ADA8264CD988}.Release|Any CPU.ActiveCfg = Release|Any CPU
		{218A9EBD-D68A-40D9-8160-ADA8264CD988}.Release|Any CPU.Build.0 = Release|Any CPU
		{16A61B7D-0E9F-4FA3-9E1D-FB5B1B7C3F58}.Debug|Any CPU.ActiveCfg = Debug|Any CPU
		{16A61B7D-0E9F-4FA3-9E1D-FB5B1B7C3F58}.Debug|Any CPU.Build.0 = Debug|Any CPU
		{16A61B7D-0E9F-4FA3-9E1D-FB5B1B7C3F58}.Release|Any CPU.ActiveCfg = Release|Any CPU
		{16A61B7D-0E9F-4FA3-9E1D-FB5B1B7C3F58}.Release|Any CPU.Build.0 = Release|Any CPU
	EndGlobalSection
	GlobalSection(NestedProjects) = preSolution
		{218A9EBD-D68A-40D9-8160-ADA8264CD988} = {DB875A72-168C-457D-A982-5B13470756C2}
		{16A61B7D-0E9F-4FA3-9E1D-FB5B1B7C3F58} = {DB875A72-168C-457D-A982-5B13470756C2}
	EndGlobalSection
EndGlobal
